
Microsoft Visual Studio Solution File, Format Version 12.00
# Visual Studio Version 16
VisualStudioVersion = 16.0.31402.337
MinimumVisualStudioVersion = 10.0.40219.1
Project("{9A19103F-16F7-4668-BE54-9A1E7A4F7556}") = "MojiKontaktiAPI", "MojiKontaktiAPI.csproj", "{7A1722ED-D5DF-4C0C-BD2C-FC9A3462BBCF}"
EndProject
Global
	GlobalSection(SolutionConfigurationPlatforms) = preSolution
		Debug|Any CPU = Debug|Any CPU
		Release|Any CPU = Release|Any CPU
	EndGlobalSection
	GlobalSection(ProjectConfigurationPlatforms) = postSolution
		{7A1722ED-D5DF-4C0C-BD2C-FC9A3462BBCF}.Debug|Any CPU.ActiveCfg = Debug|Any CPU
		{7A1722ED-D5DF-4C0C-BD2C-FC9A3462BBCF}.Debug|Any CPU.Build.0 = Debug|Any CPU
		{7A1722ED-D5DF-4C0C-BD2C-FC9A3462BBCF}.Release|Any CPU.ActiveCfg = Release|Any CPU
		{7A1722ED-D5DF-4C0C-BD2C-FC9A3462BBCF}.Release|Any CPU.Build.0 = Release|Any CPU
	EndGlobalSection
	GlobalSection(SolutionProperties) = preSolution
		HideSolutionNode = FALSE
	EndGlobalSection
	GlobalSection(ExtensibilityGlobals) = postSolution
		SolutionGuid = {F6EF0A1C-E6C6-43FC-A31F-5A0483FBF02C}
	EndGlobalSection
EndGlobal
